
Microsoft Visual Studio Solution File, Format Version 12.00
# Visual Studio Version 16
VisualStudioVersion = 16.0.30011.22
MinimumVisualStudioVersion = 10.0.40219.1
Project("{FAE04EC0-301F-11D3-BF4B-00C04F79EFBC}") = "MVCOemahJowo", "MVCOemahJowo\MVCOemahJowo.csproj", "{73202A02-9250-45E1-89AA-8D1BD028DB0B}"
EndProject
Global
	GlobalSection(SolutionConfigurationPlatforms) = preSolution
		Debug|Any CPU = Debug|Any CPU
		Release|Any CPU = Release|Any CPU
	EndGlobalSection
	GlobalSection(ProjectConfigurationPlatforms) = postSolution
		{73202A02-9250-45E1-89AA-8D1BD028DB0B}.Debug|Any CPU.ActiveCfg = Debug|Any CPU
		{73202A02-9250-45E1-89AA-8D1BD028DB0B}.Debug|Any CPU.Build.0 = Debug|Any CPU
		{73202A02-9250-45E1-89AA-8D1BD028DB0B}.Release|Any CPU.ActiveCfg = Release|Any CPU
		{73202A02-9250-45E1-89AA-8D1BD028DB0B}.Release|Any CPU.Build.0 = Release|Any CPU
	EndGlobalSection
	GlobalSection(SolutionProperties) = preSolution
		HideSolutionNode = FALSE
	EndGlobalSection
	GlobalSection(ExtensibilityGlobals) = postSolution
		SolutionGuid = {C945DAB3-B116-4BDE-8B07-6D19B68631B8}
	EndGlobalSection
EndGlobal
